// !$*UTF8*$!
{
	archiveVersion = 1;
	classes = {
	};
	objectVersion = 50;
	objects = {

/* Begin PBXBuildFile section */
		FC9FCB072208019800D5CCE7 /* AppDelegate.swift in Sources */ = {isa = PBXBuildFile; fileRef = FC9FCB062208019800D5CCE7 /* AppDelegate.swift */; };
		FC9FCB092208019800D5CCE7 /* ViewController.swift in Sources */ = {isa = PBXBuildFile; fileRef = FC9FCB082208019800D5CCE7 /* ViewController.swift */; };
		FC9FCB0C2208019800D5CCE7 /* Main.storyboard in Resources */ = {isa = PBXBuildFile; fileRef = FC9FCB0A2208019800D5CCE7 /* Main.storyboard */; };
		FC9FCB0E2208019A00D5CCE7 /* Assets.xcassets in Resources */ = {isa = PBXBuildFile; fileRef = FC9FCB0D2208019A00D5CCE7 /* Assets.xcassets */; };
		FC9FCB112208019A00D5CCE7 /* LaunchScreen.storyboard in Resources */ = {isa = PBXBuildFile; fileRef = FC9FCB0F2208019A00D5CCE7 /* LaunchScreen.storyboard */; };
		FC9FCB1C2208019B00D5CCE7 /* FoodTrackerTests.swift in Sources */ = {isa = PBXBuildFile; fileRef = FC9FCB1B2208019B00D5CCE7 /* FoodTrackerTests.swift */; };
		FC9FCB272208019B00D5CCE7 /* FoodTrackerUITests.swift in Sources */ = {isa = PBXBuildFile; fileRef = FC9FCB262208019B00D5CCE7 /* FoodTrackerUITests.swift */; };
/* End PBXBuildFile section */

/* Begin PBXContainerItemProxy section */
		FC9FCB182208019B00D5CCE7 /* PBXContainerItemProxy */ = {
			isa = PBXContainerItemProxy;
			containerPortal = FC9FCAFB2208019800D5CCE7 /* Project object */;
			proxyType = 1;
			remoteGlobalIDString = FC9FCB022208019800D5CCE7;
			remoteInfo = FoodTracker;
		};
		FC9FCB232208019B00D5CCE7 /* PBXContainerItemProxy */ = {
			isa = PBXContainerItemProxy;
			containerPortal = FC9FCAFB2208019800D5CCE7 /* Project object */;
			proxyType = 1;
			remoteGlobalIDString = FC9FCB022208019800D5CCE7;
			remoteInfo = FoodTracker;
		};
/* End PBXContainerItemProxy section */

/* Begin PBXFileReference section */
		FC9FCB032208019800D5CCE7 /* FoodTracker.app */ = {isa = PBXFileReference; explicitFileType = wrapper.application; includeInIndex = 0; path = FoodTracker.app; sourceTree = BUILT_PRODUCTS_DIR; };
		FC9FCB062208019800D5CCE7 /* AppDelegate.swift */ = {isa = PBXFileReference; lastKnownFileType = sourcecode.swift; path = AppDelegate.swift; sourceTree = "<group>"; };
		FC9FCB082208019800D5CCE7 /* ViewController.swift */ = {isa = PBXFileReference; lastKnownFileType = sourcecode.swift; path = ViewController.swift; sourceTree = "<group>"; };
		FC9FCB0B2208019800D5CCE7 /* Base */ = {isa = PBXFileReference; lastKnownFileType = file.storyboard; name = Base; path = Base.lproj/Main.storyboard; sourceTree = "<group>"; };
		FC9FCB0D2208019A00D5CCE7 /* Assets.xcassets */ = {isa = PBXFileReference; lastKnownFileType = folder.assetcatalog; path = Assets.xcassets; sourceTree = "<group>"; };
		FC9FCB102208019A00D5CCE7 /* Base */ = {isa = PBXFileReference; lastKnownFileType = file.storyboard; name = Base; path = Base.lproj/LaunchScreen.storyboard; sourceTree = "<group>"; };
		FC9FCB122208019A00D5CCE7 /* Info.plist */ = {isa = PBXFileReference; lastKnownFileType = text.plist.xml; path = Info.plist; sourceTree = "<group>"; };
		FC9FCB172208019B00D5CCE7 /* FoodTrackerTests.xctest */ = {isa = PBXFileReference; explicitFileType = wrapper.cfbundle; includeInIndex = 0; path = FoodTrackerTests.xctest; sourceTree = BUILT_PRODUCTS_DIR; };
		FC9FCB1B2208019B00D5CCE7 /* FoodTrackerTests.swift */ = {isa = PBXFileReference; lastKnownFileType = sourcecode.swift; path = FoodTrackerTests.swift; sourceTree = "<group>"; };
		FC9FCB1D2208019B00D5CCE7 /* Info.plist */ = {isa = PBXFileReference; lastKnownFileType = text.plist.xml; path = Info.plist; sourceTree = "<group>"; };
		FC9FCB222208019B00D5CCE7 /* FoodTrackerUITests.xctest */ = {isa = PBXFileReference; explicitFileType = wrapper.cfbundle; includeInIndex = 0; path = FoodTrackerUITests.xctest; sourceTree = BUILT_PRODUCTS_DIR; };
		FC9FCB262208019B00D5CCE7 /* FoodTrackerUITests.swift */ = {isa = PBXFileReference; lastKnownFileType = sourcecode.swift; path = FoodTrackerUITests.swift; sourceTree = "<group>"; };
		FC9FCB282208019B00D5CCE7 /* Info.plist */ = {isa = PBXFileReference; lastKnownFileType = text.plist.xml; path = Info.plist; sourceTree = "<group>"; };
/* End PBXFileReference section */

/* Begin PBXFrameworksBuildPhase section */
		FC9FCB002208019800D5CCE7 /* Frameworks */ = {
			isa = PBXFrameworksBuildPhase;
			buildActionMask = 2147483647;
			files = (
			);
			runOnlyForDeploymentPostprocessing = 0;
		};
		FC9FCB142208019B00D5CCE7 /* Frameworks */ = {
			isa = PBXFrameworksBuildPhase;
			buildActionMask = 2147483647;
			files = (
			);
			runOnlyForDeploymentPostprocessing = 0;
		};
		FC9FCB1F2208019B00D5CCE7 /* Frameworks */ = {
			isa = PBXFrameworksBuildPhase;
			buildActionMask = 2147483647;
			files = (
			);
			runOnlyForDeploymentPostprocessing = 0;
		};
/* End PBXFrameworksBuildPhase section */

/* Begin PBXGroup section */
		FC9FCAFA2208019800D5CCE7 = {
			isa = PBXGroup;
			children = (
				FC9FCB052208019800D5CCE7 /* FoodTracker */,
				FC9FCB1A2208019B00D5CCE7 /* FoodTrackerTests */,
				FC9FCB252208019B00D5CCE7 /* FoodTrackerUITests */,
				FC9FCB042208019800D5CCE7 /* Products */,
			);
			sourceTree = "<group>";
		};
		FC9FCB042208019800D5CCE7 /* Products */ = {
			isa = PBXGroup;
			children = (
				FC9FCB032208019800D5CCE7 /* FoodTracker.app */,
				FC9FCB172208019B00D5CCE7 /* FoodTrackerTests.xctest */,
				FC9FCB222208019B00D5CCE7 /* FoodTrackerUITests.xctest */,
			);
			name = Products;
			sourceTree = "<group>";
		};
		FC9FCB052208019800D5CCE7 /* FoodTracker */ = {
			isa = PBXGroup;
			children = (
				FC9FCB062208019800D5CCE7 /* AppDelegate.swift */,
				FC9FCB082208019800D5CCE7 /* ViewController.swift */,
				FC9FCB0A2208019800D5CCE7 /* Main.storyboard */,
				FC9FCB0D2208019A00D5CCE7 /* Assets.xcassets */,
				FC9FCB0F2208019A00D5CCE7 /* LaunchScreen.storyboard */,
				FC9FCB122208019A00D5CCE7 /* Info.plist */,
			);
			path = FoodTracker;
			sourceTree = "<group>";
		};
		FC9FCB1A2208019B00D5CCE7 /* FoodTrackerTests */ = {
			isa = PBXGroup;
			children = (
				FC9FCB1B2208019B00D5CCE7 /* FoodTrackerTests.swift */,
				FC9FCB1D2208019B00D5CCE7 /* Info.plist */,
			);
			path = FoodTrackerTests;
			sourceTree = "<group>";
		};
		FC9FCB252208019B00D5CCE7 /* FoodTrackerUITests */ = {
			isa = PBXGroup;
			children = (
				FC9FCB262208019B00D5CCE7 /* FoodTrackerUITests.swift */,
				FC9FCB282208019B00D5CCE7 /* Info.plist */,
			);
			path = FoodTrackerUITests;
			sourceTree = "<group>";
		};
/* End PBXGroup section */

/* Begin PBXNativeTarget section */
		FC9FCB022208019800D5CCE7 /* FoodTracker */ = {
			isa = PBXNativeTarget;
			buildConfigurationList = FC9FCB2B2208019B00D5CCE7 /* Build configuration list for PBXNativeTarget "FoodTracker" */;
			buildPhases = (
				FC9FCAFF2208019800D5CCE7 /* Sources */,
				FC9FCB002208019800D5CCE7 /* Frameworks */,
				FC9FCB012208019800D5CCE7 /* Resources */,
			);
			buildRules = (
			);
			dependencies = (
			);
			name = FoodTracker;
			productName = FoodTracker;
			productReference = FC9FCB032208019800D5CCE7 /* FoodTracker.app */;
			productType = "com.apple.product-type.application";
		};
		FC9FCB162208019B00D5CCE7 /* FoodTrackerTests */ = {
			isa = PBXNativeTarget;
			buildConfigurationList = FC9FCB2E2208019B00D5CCE7 /* Build configuration list for PBXNativeTarget "FoodTrackerTests" */;
			buildPhases = (
				FC9FCB132208019B00D5CCE7 /* Sources */,
				FC9FCB142208019B00D5CCE7 /* Frameworks */,
				FC9FCB152208019B00D5CCE7 /* Resources */,
			);
			buildRules = (
			);
			dependencies = (
				FC9FCB192208019B00D5CCE7 /* PBXTargetDependency */,
			);
			name = FoodTrackerTests;
			productName = FoodTrackerTests;
			productReference = FC9FCB172208019B00D5CCE7 /* FoodTrackerTests.xctest */;
			productType = "com.apple.product-type.bundle.unit-test";
		};
		FC9FCB212208019B00D5CCE7 /* FoodTrackerUITests */ = {
			isa = PBXNativeTarget;
			buildConfigurationList = FC9FCB312208019B00D5CCE7 /* Build configuration list for PBXNativeTarget "FoodTrackerUITests" */;
			buildPhases = (
				FC9FCB1E2208019B00D5CCE7 /* Sources */,
				FC9FCB1F2208019B00D5CCE7 /* Frameworks */,
				FC9FCB202208019B00D5CCE7 /* Resources */,
			);
			buildRules = (
			);
			dependencies = (
				FC9FCB242208019B00D5CCE7 /* PBXTargetDependency */,
			);
			name = FoodTrackerUITests;
			productName = FoodTrackerUITests;
			productReference = FC9FCB222208019B00D5CCE7 /* FoodTrackerUITests.xctest */;
			productType = "com.apple.product-type.bundle.ui-testing";
		};
/* End PBXNativeTarget section */

/* Begin PBXProject section */
		FC9FCAFB2208019800D5CCE7 /* Project object */ = {
			isa = PBXProject;
			attributes = {
				LastSwiftUpdateCheck = 1010;
				LastUpgradeCheck = 1010;
				ORGANIZATIONNAME = "Nizamudeen Sherif";
				TargetAttributes = {
					FC9FCB022208019800D5CCE7 = {
						CreatedOnToolsVersion = 10.1;
					};
					FC9FCB162208019B00D5CCE7 = {
						CreatedOnToolsVersion = 10.1;
						TestTargetID = FC9FCB022208019800D5CCE7;
					};
					FC9FCB212208019B00D5CCE7 = {
						CreatedOnToolsVersion = 10.1;
						TestTargetID = FC9FCB022208019800D5CCE7;
					};
				};
			};
			buildConfigurationList = FC9FCAFE2208019800D5CCE7 /* Build configuration list for PBXProject "FoodTracker" */;
			compatibilityVersion = "Xcode 9.3";
			developmentRegion = en;
			hasScannedForEncodings = 0;
			knownRegions = (
				en,
				Base,
			);
			mainGroup = FC9FCAFA2208019800D5CCE7;
			productRefGroup = FC9FCB042208019800D5CCE7 /* Products */;
			projectDirPath = "";
			projectRoot = "";
			targets = (
				FC9FCB022208019800D5CCE7 /* FoodTracker */,
				FC9FCB162208019B00D5CCE7 /* FoodTrackerTests */,
				FC9FCB212208019B00D5CCE7 /* FoodTrackerUITests */,
			);
		};
/* End PBXProject section */

/* Begin PBXResourcesBuildPhase section */
		FC9FCB012208019800D5CCE7 /* Resources */ = {
			isa = PBXResourcesBuildPhase;
			buildActionMask = 2147483647;
			files = (
				FC9FCB112208019A00D5CCE7 /* LaunchScreen.storyboard in Resources */,
				FC9FCB0E2208019A00D5CCE7 /* Assets.xcassets in Resources */,
				FC9FCB0C2208019800D5CCE7 /* Main.storyboard in Resources */,
			);
			runOnlyForDeploymentPostprocessing = 0;
		};
		FC9FCB152208019B00D5CCE7 /* Resources */ = {
			isa = PBXResourcesBuildPhase;
			buildActionMask = 2147483647;
			files = (
			);
			runOnlyForDeploymentPostprocessing = 0;
		};
		FC9FCB202208019B00D5CCE7 /* Resources */ = {
			isa = PBXResourcesBuildPhase;
			buildActionMask = 2147483647;
			files = (
			);
			runOnlyForDeploymentPostprocessing = 0;
		};
/* End PBXResourcesBuildPhase section */

/* Begin PBXSourcesBuildPhase section */
		FC9FCAFF2208019800D5CCE7 /* Sources */ = {
			isa = PBXSourcesBuildPhase;
			buildActionMask = 2147483647;
			files = (
				FC9FCB092208019800D5CCE7 /* ViewController.swift in Sources */,
				FC9FCB072208019800D5CCE7 /* AppDelegate.swift in Sources */,
			);
			runOnlyForDeploymentPostprocessing = 0;
		};
		FC9FCB132208019B00D5CCE7 /* Sources */ = {
			isa = PBXSourcesBuildPhase;
			buildActionMask = 2147483647;
			files = (
				FC9FCB1C2208019B00D5CCE7 /* FoodTrackerTests.swift in Sources */,
			);
			runOnlyForDeploymentPostprocessing = 0;
		};
		FC9FCB1E2208019B00D5CCE7 /* Sources */ = {
			isa = PBXSourcesBuildPhase;
			buildActionMask = 2147483647;
			files = (
				FC9FCB272208019B00D5CCE7 /* FoodTrackerUITests.swift in Sources */,
			);
			runOnlyForDeploymentPostprocessing = 0;
		};
/* End PBXSourcesBuildPhase section */

/* Begin PBXTargetDependency section */
		FC9FCB192208019B00D5CCE7 /* PBXTargetDependency */ = {
			isa = PBXTargetDependency;
			target = FC9FCB022208019800D5CCE7 /* FoodTracker */;
			targetProxy = FC9FCB182208019B00D5CCE7 /* PBXContainerItemProxy */;
		};
		FC9FCB242208019B00D5CCE7 /* PBXTargetDependency */ = {
			isa = PBXTargetDependency;
			target = FC9FCB022208019800D5CCE7 /* FoodTracker */;
			targetProxy = FC9FCB232208019B00D5CCE7 /* PBXContainerItemProxy */;
		};
/* End PBXTargetDependency section */

/* Begin PBXVariantGroup section */
		FC9FCB0A2208019800D5CCE7 /* Main.storyboard */ = {
			isa = PBXVariantGroup;
			children = (
				FC9FCB0B2208019800D5CCE7 /* Base */,
			);
			name = Main.storyboard;
			sourceTree = "<group>";
		};
		FC9FCB0F2208019A00D5CCE7 /* LaunchScreen.storyboard */ = {
			isa = PBXVariantGroup;
			children = (
				FC9FCB102208019A00D5CCE7 /* Base */,
			);
			name = LaunchScreen.storyboard;
			sourceTree = "<group>";
		};
/* End PBXVariantGroup section */

/* Begin XCBuildConfiguration section */
		FC9FCB292208019B00D5CCE7 /* Debug */ = {
			isa = XCBuildConfiguration;
			buildSettings = {
				ALWAYS_SEARCH_USER_PATHS = NO;
				CLANG_ANALYZER_NONNULL = YES;
				CLANG_ANALYZER_NUMBER_OBJECT_CONVERSION = YES_AGGRESSIVE;
				CLANG_CXX_LANGUAGE_STANDARD = "gnu++14";
				CLANG_CXX_LIBRARY = "libc++";
				CLANG_ENABLE_MODULES = YES;
				CLANG_ENABLE_OBJC_ARC = YES;
				CLANG_ENABLE_OBJC_WEAK = YES;
				CLANG_WARN_BLOCK_CAPTURE_AUTORELEASING = YES;
				CLANG_WARN_BOOL_CONVERSION = YES;
				CLANG_WARN_COMMA = YES;
				CLANG_WARN_CONSTANT_CONVERSION = YES;
				CLANG_WARN_DEPRECATED_OBJC_IMPLEMENTATIONS = YES;
				CLANG_WARN_DIRECT_OBJC_ISA_USAGE = YES_ERROR;
				CLANG_WARN_DOCUMENTATION_COMMENTS = YES;
				CLANG_WARN_EMPTY_BODY = YES;
				CLANG_WARN_ENUM_CONVERSION = YES;
				CLANG_WARN_INFINITE_RECURSION = YES;
				CLANG_WARN_INT_CONVERSION = YES;
				CLANG_WARN_NON_LITERAL_NULL_CONVERSION = YES;
				CLANG_WARN_OBJC_IMPLICIT_RETAIN_SELF = YES;
				CLANG_WARN_OBJC_LITERAL_CONVERSION = YES;
				CLANG_WARN_OBJC_ROOT_CLASS = YES_ERROR;
				CLANG_WARN_RANGE_LOOP_ANALYSIS = YES;
				CLANG_WARN_STRICT_PROTOTYPES = YES;
				CLANG_WARN_SUSPICIOUS_MOVE = YES;
				CLANG_WARN_UNGUARDED_AVAILABILITY = YES_AGGRESSIVE;
				CLANG_WARN_UNREACHABLE_CODE = YES;
				CLANG_WARN__DUPLICATE_METHOD_MATCH = YES;
				CODE_SIGN_IDENTITY = "iPhone Developer";
				COPY_PHASE_STRIP = NO;
				DEBUG_INFORMATION_FORMAT = dwarf;
				ENABLE_STRICT_OBJC_MSGSEND = YES;
				ENABLE_TESTABILITY = YES;
				GCC_C_LANGUAGE_STANDARD = gnu11;
				GCC_DYNAMIC_NO_PIC = NO;
				GCC_NO_COMMON_BLOCKS = YES;
				GCC_OPTIMIZATION_LEVEL = 0;
				GCC_PREPROCESSOR_DEFINITIONS = (
					"DEBUG=1",
					"$(inherited)",
				);
				GCC_WARN_64_TO_32_BIT_CONVERSION = YES;
				GCC_WARN_ABOUT_RETURN_TYPE = YES_ERROR;
				GCC_WARN_UNDECLARED_SELECTOR = YES;
				GCC_WARN_UNINITIALIZED_AUTOS = YES_AGGRESSIVE;
				GCC_WARN_UNUSED_FUNCTION = YES;
				GCC_WARN_UNUSED_VARIABLE = YES;
				IPHONEOS_DEPLOYMENT_TARGET = 12.1;
				MTL_ENABLE_DEBUG_INFO = INCLUDE_SOURCE;
				MTL_FAST_MATH = YES;
				ONLY_ACTIVE_ARCH = YES;
				SDKROOT = iphoneos;
				SWIFT_ACTIVE_COMPILATION_CONDITIONS = DEBUG;
				SWIFT_OPTIMIZATION_LEVEL = "-Onone";
			};
			name = Debug;
		};
		FC9FCB2A2208019B00D5CCE7 /* Release */ = {
			isa = XCBuildConfiguration;
			buildSettings = {
				ALWAYS_SEARCH_USER_PATHS = NO;
				CLANG_ANALYZER_NONNULL = YES;
				CLANG_ANALYZER_NUMBER_OBJECT_CONVERSION = YES_AGGRESSIVE;
				CLANG_CXX_LANGUAGE_STANDARD = "gnu++14";
				CLANG_CXX_LIBRARY = "libc++";
				CLANG_ENABLE_MODULES = YES;
				CLANG_ENABLE_OBJC_ARC = YES;
				CLANG_ENABLE_OBJC_WEAK = YES;
				CLANG_WARN_BLOCK_CAPTURE_AUTORELEASING = YES;
				CLANG_WARN_BOOL_CONVERSION = YES;
				CLANG_WARN_COMMA = YES;
				CLANG_WARN_CONSTANT_CONVERSION = YES;
				CLANG_WARN_DEPRECATED_OBJC_IMPLEMENTATIONS = YES;
				CLANG_WARN_DIRECT_OBJC_ISA_USAGE = YES_ERROR;
				CLANG_WARN_DOCUMENTATION_COMMENTS = YES;
				CLANG_WARN_EMPTY_BODY = YES;
				CLANG_WARN_ENUM_CONVERSION = YES;
				CLANG_WARN_INFINITE_RECURSION = YES;
				CLANG_WARN_INT_CONVERSION = YES;
				CLANG_WARN_NON_LITERAL_NULL_CONVERSION = YES;
				CLANG_WARN_OBJC_IMPLICIT_RETAIN_SELF = YES;
				CLANG_WARN_OBJC_LITERAL_CONVERSION = YES;
				CLANG_WARN_OBJC_ROOT_CLASS = YES_ERROR;
				CLANG_WARN_RANGE_LOOP_ANALYSIS = YES;
				CLANG_WARN_STRICT_PROTOTYPES = YES;
				CLANG_WARN_SUSPICIOUS_MOVE = YES;
				CLANG_WARN_UNGUARDED_AVAILABILITY = YES_AGGRESSIVE;
				CLANG_WARN_UNREACHABLE_CODE = YES;
				CLANG_WARN__DUPLICATE_METHOD_MATCH = YES;
				CODE_SIGN_IDENTITY = "iPhone Developer";
				COPY_PHASE_STRIP = NO;
				DEBUG_INFORMATION_FORMAT = "dwarf-with-dsym";
				ENABLE_NS_ASSERTIONS = NO;
				ENABLE_STRICT_OBJC_MSGSEND = YES;
				GCC_C_LANGUAGE_STANDARD = gnu11;
				GCC_NO_COMMON_BLOCKS = YES;
				GCC_WARN_64_TO_32_BIT_CONVERSION = YES;
				GCC_WARN_ABOUT_RETURN_TYPE = YES_ERROR;
				GCC_WARN_UNDECLARED_SELECTOR = YES;
				GCC_WARN_UNINITIALIZED_AUTOS = YES_AGGRESSIVE;
				GCC_WARN_UNUSED_FUNCTION = YES;
				GCC_WARN_UNUSED_VARIABLE = YES;
				IPHONEOS_DEPLOYMENT_TARGET = 12.1;
				MTL_ENABLE_DEBUG_INFO = NO;
				MTL_FAST_MATH = YES;
				SDKROOT = iphoneos;
				SWIFT_COMPILATION_MODE = wholemodule;
				SWIFT_OPTIMIZATION_LEVEL = "-O";
				VALIDATE_PRODUCT = YES;
			};
			name = Release;
		};
		FC9FCB2C2208019B00D5CCE7 /* Debug */ = {
			isa = XCBuildConfiguration;
			buildSettings = {
				ASSETCATALOG_COMPILER_APPICON_NAME = AppIcon;
				CODE_SIGN_STYLE = Automatic;
				INFOPLIST_FILE = FoodTracker/Info.plist;
				LD_RUNPATH_SEARCH_PATHS = (
					"$(inherited)",
					"@executable_path/Frameworks",
				);
				PRODUCT_BUNDLE_IDENTIFIER = com.example.FoodTracker;
				PRODUCT_NAME = "$(TARGET_NAME)";
				SWIFT_VERSION = 4.2;
				TARGETED_DEVICE_FAMILY = "1,2";
			};
			name = Debug;
		};
		FC9FCB2D2208019B00D5CCE7 /* Release */ = {
			isa = XCBuildConfiguration;
			buildSettings = {
				ASSETCATALOG_COMPILER_APPICON_NAME = AppIcon;
				CODE_SIGN_STYLE = Automatic;
				INFOPLIST_FILE = FoodTracker/Info.plist;
				LD_RUNPATH_SEARCH_PATHS = (
					"$(inherited)",
					"@executable_path/Frameworks",
				);
				PRODUCT_BUNDLE_IDENTIFIER = com.example.FoodTracker;
				PRODUCT_NAME = "$(TARGET_NAME)";
				SWIFT_VERSION = 4.2;
				TARGETED_DEVICE_FAMILY = "1,2";
			};
			name = Release;
		};
		FC9FCB2F2208019B00D5CCE7 /* Debug */ = {
			isa = XCBuildConfiguration;
			buildSettings = {
				ALWAYS_EMBED_SWIFT_STANDARD_LIBRARIES = YES;
				BUNDLE_LOADER = "$(TEST_HOST)";
				CODE_SIGN_STYLE = Automatic;
				INFOPLIST_FILE = FoodTrackerTests/Info.plist;
				LD_RUNPATH_SEARCH_PATHS = (
					"$(inherited)",
					"@executable_path/Frameworks",
					"@loader_path/Frameworks",
				);
				PRODUCT_BUNDLE_IDENTIFIER = com.example.FoodTrackerTests;
				PRODUCT_NAME = "$(TARGET_NAME)";
				SWIFT_VERSION = 4.2;
				TARGETED_DEVICE_FAMILY = "1,2";
				TEST_HOST = "$(BUILT_PRODUCTS_DIR)/FoodTracker.app/FoodTracker";
			};
			name = Debug;
		};
		FC9FCB302208019B00D5CCE7 /* Release */ = {
			isa = XCBuildConfiguration;
			buildSettings = {
				ALWAYS_EMBED_SWIFT_STANDARD_LIBRARIES = YES;
				BUNDLE_LOADER = "$(TEST_HOST)";
				CODE_SIGN_STYLE = Automatic;
				INFOPLIST_FILE = FoodTrackerTests/Info.plist;
				LD_RUNPATH_SEARCH_PATHS = (
					"$(inherited)",
					"@executable_path/Frameworks",
					"@loader_path/Frameworks",
				);
				PRODUCT_BUNDLE_IDENTIFIER = com.example.FoodTrackerTests;
				PRODUCT_NAME = "$(TARGET_NAME)";
				SWIFT_VERSION = 4.2;
				TARGETED_DEVICE_FAMILY = "1,2";
				TEST_HOST = "$(BUILT_PRODUCTS_DIR)/FoodTracker.app/FoodTracker";
			};
			name = Release;
		};
		FC9FCB322208019B00D5CCE7 /* Debug */ = {
			isa = XCBuildConfiguration;
			buildSettings = {
				ALWAYS_EMBED_SWIFT_STANDARD_LIBRARIES = YES;
				CODE_SIGN_STYLE = Automatic;
				INFOPLIST_FILE = FoodTrackerUITests/Info.plist;
				LD_RUNPATH_SEARCH_PATHS = (
					"$(inherited)",
					"@executable_path/Frameworks",
					"@loader_path/Frameworks",
				);
				PRODUCT_BUNDLE_IDENTIFIER = com.example.FoodTrackerUITests;
				PRODUCT_NAME = "$(TARGET_NAME)";
				SWIFT_VERSION = 4.2;
				TARGETED_DEVICE_FAMILY = "1,2";
				TEST_TARGET_NAME = FoodTracker;
			};
			name = Debug;
		};
		FC9FCB332208019B00D5CCE7 /* Release */ = {
			isa = XCBuildConfiguration;
			buildSettings = {
				ALWAYS_EMBED_SWIFT_STANDARD_LIBRARIES = YES;
				CODE_SIGN_STYLE = Automatic;
				INFOPLIST_FILE = FoodTrackerUITests/Info.plist;
				LD_RUNPATH_SEARCH_PATHS = (
					"$(inherited)",
					"@executable_path/Frameworks",
					"@loader_path/Frameworks",
				);
				PRODUCT_BUNDLE_IDENTIFIER = com.example.FoodTrackerUITests;
				PRODUCT_NAME = "$(TARGET_NAME)";
				SWIFT_VERSION = 4.2;
				TARGETED_DEVICE_FAMILY = "1,2";
				TEST_TARGET_NAME = FoodTracker;
			};
			name = Release;
		};
/* End XCBuildConfiguration section */

/* Begin XCConfigurationList section */
		FC9FCAFE2208019800D5CCE7 /* Build configuration list for PBXProject "FoodTracker" */ = {
			isa = XCConfigurationList;
			buildConfigurations = (
				FC9FCB292208019B00D5CCE7 /* Debug */,
				FC9FCB2A2208019B00D5CCE7 /* Release */,
			);
			defaultConfigurationIsVisible = 0;
			defaultConfigurationName = Release;
		};
		FC9FCB2B2208019B00D5CCE7 /* Build configuration list for PBXNativeTarget "FoodTracker" */ = {
			isa = XCConfigurationList;
			buildConfigurations = (
				FC9FCB2C2208019B00D5CCE7 /* Debug */,
				FC9FCB2D2208019B00D5CCE7 /* Release */,
			);
			defaultConfigurationIsVisible = 0;
			defaultConfigurationName = Release;
		};
		FC9FCB2E2208019B00D5CCE7 /* Build configuration list for PBXNativeTarget "FoodTrackerTests" */ = {
			isa = XCConfigurationList;
			buildConfigurations = (
				FC9FCB2F2208019B00D5CCE7 /* Debug */,
				FC9FCB302208019B00D5CCE7 /* Release */,
			);
			defaultConfigurationIsVisible = 0;
			defaultConfigurationName = Release;
		};
		FC9FCB312208019B00D5CCE7 /* Build configuration list for PBXNativeTarget "FoodTrackerUITests" */ = {
			isa = XCConfigurationList;
			buildConfigurations = (
				FC9FCB322208019B00D5CCE7 /* Debug */,
				FC9FCB332208019B00D5CCE7 /* Release */,
			);
			defaultConfigurationIsVisible = 0;
			defaultConfigurationName = Release;
		};
/* End XCConfigurationList section */
	};
	rootObject = FC9FCAFB2208019800D5CCE7 /* Project object */;
}
